
Microsoft Visual Studio Solution File, Format Version 12.00
# Visual Studio Version 17
VisualStudioVersion = 17.6.33801.468
MinimumVisualStudioVersion = 10.0.40219.1
Project("{FAE04EC0-301F-11D3-BF4B-00C04F79EFBC}") = "DesafioES3", "DesafioES3\DesafioES3.csproj", "{7D273143-2FDE-457D-AE9B-9F34BD518D18}"
EndProject
Global
	GlobalSection(SolutionConfigurationPlatforms) = preSolution
		Debug|Any CPU = Debug|Any CPU
		Release|Any CPU = Release|Any CPU
	EndGlobalSection
	GlobalSection(ProjectConfigurationPlatforms) = postSolution
		{7D273143-2FDE-457D-AE9B-9F34BD518D18}.Debug|Any CPU.ActiveCfg = Debug|Any CPU
		{7D273143-2FDE-457D-AE9B-9F34BD518D18}.Debug|Any CPU.Build.0 = Debug|Any CPU
		{7D273143-2FDE-457D-AE9B-9F34BD518D18}.Release|Any CPU.ActiveCfg = Release|Any CPU
		{7D273143-2FDE-457D-AE9B-9F34BD518D18}.Release|Any CPU.Build.0 = Release|Any CPU
	EndGlobalSection
	GlobalSection(SolutionProperties) = preSolution
		HideSolutionNode = FALSE
	EndGlobalSection
	GlobalSection(ExtensibilityGlobals) = postSolution
		SolutionGuid = {BA3AA078-C1E0-44C0-96AD-228A820F65A0}
	EndGlobalSection
EndGlobal
